// !$*UTF8*$!
{
	archiveVersion = 1;
	classes = {
	};
	objectVersion = 51;
	objects = {

/* Begin PBXBuildFile section */
		8405686D257F121500424BB1 /* Crypto.swift in Sources */ = {isa = PBXBuildFile; fileRef = 8405686C257F121500424BB1 /* Crypto.swift */; };
		84056877257F1BAD00424BB1 /* ServerManager.swift in Sources */ = {isa = PBXBuildFile; fileRef = 84056876257F1BAD00424BB1 /* ServerManager.swift */; };
		8472698525803E7B00ECCB21 /* CryptoTableViewCell.swift in Sources */ = {isa = PBXBuildFile; fileRef = 8472698425803E7B00ECCB21 /* CryptoTableViewCell.swift */; };
		84E8E8AC257EE12100212032 /* AppDelegate.swift in Sources */ = {isa = PBXBuildFile; fileRef = 84E8E8AB257EE12100212032 /* AppDelegate.swift */; };
		84E8E8AE257EE12100212032 /* SceneDelegate.swift in Sources */ = {isa = PBXBuildFile; fileRef = 84E8E8AD257EE12100212032 /* SceneDelegate.swift */; };
		84E8E8B0257EE12100212032 /* DetailVC.swift in Sources */ = {isa = PBXBuildFile; fileRef = 84E8E8AF257EE12100212032 /* DetailVC.swift */; };
		84E8E8B3257EE12100212032 /* Main.storyboard in Resources */ = {isa = PBXBuildFile; fileRef = 84E8E8B1257EE12100212032 /* Main.storyboard */; };
		84E8E8B5257EE12200212032 /* Assets.xcassets in Resources */ = {isa = PBXBuildFile; fileRef = 84E8E8B4257EE12200212032 /* Assets.xcassets */; };
		84E8E8B8257EE12200212032 /* LaunchScreen.storyboard in Resources */ = {isa = PBXBuildFile; fileRef = 84E8E8B6257EE12200212032 /* LaunchScreen.storyboard */; };
		84F8372F258179E5006D3C15 /* Extensions.swift in Sources */ = {isa = PBXBuildFile; fileRef = 84F8372E258179E5006D3C15 /* Extensions.swift */; };
		84F8373625819457006D3C15 /* Charts.swift in Sources */ = {isa = PBXBuildFile; fileRef = 84F8373525819457006D3C15 /* Charts.swift */; };
		84F9CC93257F00FB006E995F /* CryptoListVC.swift in Sources */ = {isa = PBXBuildFile; fileRef = 84F9CC92257F00FB006E995F /* CryptoListVC.swift */; };
		CF341468F89E643794A87F91 /* Pods_CryptoApp.framework in Frameworks */ = {isa = PBXBuildFile; fileRef = A807BA852A6D78AC7CFE52B4 /* Pods_CryptoApp.framework */; };
/* End PBXBuildFile section */

/* Begin PBXFileReference section */
		07AD200AEDB843E58B25D7D6 /* Pods-CryptoApp.debug.xcconfig */ = {isa = PBXFileReference; includeInIndex = 1; lastKnownFileType = text.xcconfig; name = "Pods-CryptoApp.debug.xcconfig"; path = "Target Support Files/Pods-CryptoApp/Pods-CryptoApp.debug.xcconfig"; sourceTree = "<group>"; };
		42B33F244E6BC0E61CDD6D0B /* Pods-CryptoApp.release.xcconfig */ = {isa = PBXFileReference; includeInIndex = 1; lastKnownFileType = text.xcconfig; name = "Pods-CryptoApp.release.xcconfig"; path = "Target Support Files/Pods-CryptoApp/Pods-CryptoApp.release.xcconfig"; sourceTree = "<group>"; };
		8405686C257F121500424BB1 /* Crypto.swift */ = {isa = PBXFileReference; lastKnownFileType = sourcecode.swift; path = Crypto.swift; sourceTree = "<group>"; };
		84056876257F1BAD00424BB1 /* ServerManager.swift */ = {isa = PBXFileReference; lastKnownFileType = sourcecode.swift; path = ServerManager.swift; sourceTree = "<group>"; };
		8472698425803E7B00ECCB21 /* CryptoTableViewCell.swift */ = {isa = PBXFileReference; lastKnownFileType = sourcecode.swift; path = CryptoTableViewCell.swift; sourceTree = "<group>"; };
		84E8E8A8257EE12100212032 /* CryptoApp.app */ = {isa = PBXFileReference; explicitFileType = wrapper.application; includeInIndex = 0; path = CryptoApp.app; sourceTree = BUILT_PRODUCTS_DIR; };
		84E8E8AB257EE12100212032 /* AppDelegate.swift */ = {isa = PBXFileReference; lastKnownFileType = sourcecode.swift; path = AppDelegate.swift; sourceTree = "<group>"; };
		84E8E8AD257EE12100212032 /* SceneDelegate.swift */ = {isa = PBXFileReference; lastKnownFileType = sourcecode.swift; path = SceneDelegate.swift; sourceTree = "<group>"; };
		84E8E8AF257EE12100212032 /* DetailVC.swift */ = {isa = PBXFileReference; lastKnownFileType = sourcecode.swift; path = DetailVC.swift; sourceTree = "<group>"; };
		84E8E8B2257EE12100212032 /* Base */ = {isa = PBXFileReference; lastKnownFileType = file.storyboard; name = Base; path = Base.lproj/Main.storyboard; sourceTree = "<group>"; };
		84E8E8B4257EE12200212032 /* Assets.xcassets */ = {isa = PBXFileReference; lastKnownFileType = folder.assetcatalog; path = Assets.xcassets; sourceTree = "<group>"; };
		84E8E8B7257EE12200212032 /* Base */ = {isa = PBXFileReference; lastKnownFileType = file.storyboard; name = Base; path = Base.lproj/LaunchScreen.storyboard; sourceTree = "<group>"; };
		84E8E8B9257EE12200212032 /* Info.plist */ = {isa = PBXFileReference; lastKnownFileType = text.plist.xml; path = Info.plist; sourceTree = "<group>"; };
		84F8372E258179E5006D3C15 /* Extensions.swift */ = {isa = PBXFileReference; lastKnownFileType = sourcecode.swift; path = Extensions.swift; sourceTree = "<group>"; };
		84F8373525819457006D3C15 /* Charts.swift */ = {isa = PBXFileReference; lastKnownFileType = sourcecode.swift; path = Charts.swift; sourceTree = "<group>"; };
		84F9CC92257F00FB006E995F /* CryptoListVC.swift */ = {isa = PBXFileReference; lastKnownFileType = sourcecode.swift; path = CryptoListVC.swift; sourceTree = "<group>"; };
		A807BA852A6D78AC7CFE52B4 /* Pods_CryptoApp.framework */ = {isa = PBXFileReference; explicitFileType = wrapper.framework; includeInIndex = 0; path = Pods_CryptoApp.framework; sourceTree = BUILT_PRODUCTS_DIR; };
/* End PBXFileReference section */

/* Begin PBXFrameworksBuildPhase section */
		84E8E8A5257EE12100212032 /* Frameworks */ = {
			isa = PBXFrameworksBuildPhase;
			buildActionMask = 2147483647;
			files = (
				CF341468F89E643794A87F91 /* Pods_CryptoApp.framework in Frameworks */,
			);
			runOnlyForDeploymentPostprocessing = 0;
		};
/* End PBXFrameworksBuildPhase section */

/* Begin PBXGroup section */
		250DE354A3323D09307B1745 /* Frameworks */ = {
			isa = PBXGroup;
			children = (
				A807BA852A6D78AC7CFE52B4 /* Pods_CryptoApp.framework */,
			);
			name = Frameworks;
			sourceTree = "<group>";
		};
		8405686F257F121F00424BB1 /* Model */ = {
			isa = PBXGroup;
			children = (
				8405686C257F121500424BB1 /* Crypto.swift */,
				84F8373525819457006D3C15 /* Charts.swift */,
			);
			path = Model;
			sourceTree = "<group>";
		};
		84056879257F1BB800424BB1 /* ServerManager */ = {
			isa = PBXGroup;
			children = (
				84056876257F1BAD00424BB1 /* ServerManager.swift */,
			);
			path = ServerManager;
			sourceTree = "<group>";
		};
		84E8E89F257EE12100212032 = {
			isa = PBXGroup;
			children = (
				84E8E8AA257EE12100212032 /* CryptoApp */,
				84E8E8A9257EE12100212032 /* Products */,
				ACB5D2C8A850F47B9DA190EB /* Pods */,
				250DE354A3323D09307B1745 /* Frameworks */,
			);
			sourceTree = "<group>";
		};
		84E8E8A9257EE12100212032 /* Products */ = {
			isa = PBXGroup;
			children = (
				84E8E8A8257EE12100212032 /* CryptoApp.app */,
			);
			name = Products;
			sourceTree = "<group>";
		};
		84E8E8AA257EE12100212032 /* CryptoApp */ = {
			isa = PBXGroup;
			children = (
				84E8E8AB257EE12100212032 /* AppDelegate.swift */,
				84E8E8AD257EE12100212032 /* SceneDelegate.swift */,
				84F8373225817A08006D3C15 /* Extensions */,
				84E8E8C0257EE16400212032 /* Controllers */,
				8405686F257F121F00424BB1 /* Model */,
				84056879257F1BB800424BB1 /* ServerManager */,
				84E8E8B1257EE12100212032 /* Main.storyboard */,
				84E8E8B6257EE12200212032 /* LaunchScreen.storyboard */,
				84E8E8B4257EE12200212032 /* Assets.xcassets */,
				84E8E8B9257EE12200212032 /* Info.plist */,
			);
			path = CryptoApp;
			sourceTree = "<group>";
		};
		84E8E8C0257EE16400212032 /* Controllers */ = {
			isa = PBXGroup;
			children = (
				84F9CC92257F00FB006E995F /* CryptoListVC.swift */,
				84E8E8AF257EE12100212032 /* DetailVC.swift */,
				8472698425803E7B00ECCB21 /* CryptoTableViewCell.swift */,
			);
			path = Controllers;
			sourceTree = "<group>";
		};
		84F8373225817A08006D3C15 /* Extensions */ = {
			isa = PBXGroup;
			children = (
				84F8372E258179E5006D3C15 /* Extensions.swift */,
			);
			path = Extensions;
			sourceTree = "<group>";
		};
		ACB5D2C8A850F47B9DA190EB /* Pods */ = {
			isa = PBXGroup;
			children = (
				07AD200AEDB843E58B25D7D6 /* Pods-CryptoApp.debug.xcconfig */,
				42B33F244E6BC0E61CDD6D0B /* Pods-CryptoApp.release.xcconfig */,
			);
			path = Pods;
			sourceTree = "<group>";
		};
/* End PBXGroup section */

/* Begin PBXNativeTarget section */
		84E8E8A7257EE12100212032 /* CryptoApp */ = {
			isa = PBXNativeTarget;
			buildConfigurationList = 84E8E8BC257EE12200212032 /* Build configuration list for PBXNativeTarget "CryptoApp" */;
			buildPhases = (
				DEC24588C253FE40F03ADFBB /* [CP] Check Pods Manifest.lock */,
				84E8E8A4257EE12100212032 /* Sources */,
				84E8E8A5257EE12100212032 /* Frameworks */,
				84E8E8A6257EE12100212032 /* Resources */,
				F30F959BE6001057F301AB82 /* [CP] Embed Pods Frameworks */,
			);
			buildRules = (
			);
			dependencies = (
			);
			name = CryptoApp;
			productName = CryptoApp;
			productReference = 84E8E8A8257EE12100212032 /* CryptoApp.app */;
			productType = "com.apple.product-type.application";
		};
/* End PBXNativeTarget section */

/* Begin PBXProject section */
		84E8E8A0257EE12100212032 /* Project object */ = {
			isa = PBXProject;
			attributes = {
				LastSwiftUpdateCheck = 1220;
				LastUpgradeCheck = 1220;
				TargetAttributes = {
					84E8E8A7257EE12100212032 = {
						CreatedOnToolsVersion = 12.2;
					};
				};
			};
			buildConfigurationList = 84E8E8A3257EE12100212032 /* Build configuration list for PBXProject "CryptoApp" */;
			compatibilityVersion = "Xcode 9.3";
			developmentRegion = en;
			hasScannedForEncodings = 0;
			knownRegions = (
				en,
				Base,
			);
			mainGroup = 84E8E89F257EE12100212032;
			productRefGroup = 84E8E8A9257EE12100212032 /* Products */;
			projectDirPath = "";
			projectRoot = "";
			targets = (
				84E8E8A7257EE12100212032 /* CryptoApp */,
			);
		};
/* End PBXProject section */

/* Begin PBXResourcesBuildPhase section */
		84E8E8A6257EE12100212032 /* Resources */ = {
			isa = PBXResourcesBuildPhase;
			buildActionMask = 2147483647;
			files = (
				84E8E8B8257EE12200212032 /* LaunchScreen.storyboard in Resources */,
				84E8E8B5257EE12200212032 /* Assets.xcassets in Resources */,
				84E8E8B3257EE12100212032 /* Main.storyboard in Resources */,
			);
			runOnlyForDeploymentPostprocessing = 0;
		};
/* End PBXResourcesBuildPhase section */

/* Begin PBXShellScriptBuildPhase section */
		DEC24588C253FE40F03ADFBB /* [CP] Check Pods Manifest.lock */ = {
			isa = PBXShellScriptBuildPhase;
			buildActionMask = 2147483647;
			files = (
			);
			inputFileListPaths = (
			);
			inputPaths = (
				"${PODS_PODFILE_DIR_PATH}/Podfile.lock",
				"${PODS_ROOT}/Manifest.lock",
			);
			name = "[CP] Check Pods Manifest.lock";
			outputFileListPaths = (
			);
			outputPaths = (
				"$(DERIVED_FILE_DIR)/Pods-CryptoApp-checkManifestLockResult.txt",
			);
			runOnlyForDeploymentPostprocessing = 0;
			shellPath = /bin/sh;
			shellScript = "diff \"${PODS_PODFILE_DIR_PATH}/Podfile.lock\" \"${PODS_ROOT}/Manifest.lock\" > /dev/null\nif [ $? != 0 ] ; then\n    # print error to STDERR\n    echo \"error: The sandbox is not in sync with the Podfile.lock. Run 'pod install' or update your CocoaPods installation.\" >&2\n    exit 1\nfi\n# This output is used by Xcode 'outputs' to avoid re-running this script phase.\necho \"SUCCESS\" > \"${SCRIPT_OUTPUT_FILE_0}\"\n";
			showEnvVarsInLog = 0;
		};
		F30F959BE6001057F301AB82 /* [CP] Embed Pods Frameworks */ = {
			isa = PBXShellScriptBuildPhase;
			buildActionMask = 2147483647;
			files = (
			);
			inputFileListPaths = (
				"${PODS_ROOT}/Target Support Files/Pods-CryptoApp/Pods-CryptoApp-frameworks-${CONFIGURATION}-input-files.xcfilelist",
			);
			name = "[CP] Embed Pods Frameworks";
			outputFileListPaths = (
				"${PODS_ROOT}/Target Support Files/Pods-CryptoApp/Pods-CryptoApp-frameworks-${CONFIGURATION}-output-files.xcfilelist",
			);
			runOnlyForDeploymentPostprocessing = 0;
			shellPath = /bin/sh;
			shellScript = "\"${PODS_ROOT}/Target Support Files/Pods-CryptoApp/Pods-CryptoApp-frameworks.sh\"\n";
			showEnvVarsInLog = 0;
		};
/* End PBXShellScriptBuildPhase section */

/* Begin PBXSourcesBuildPhase section */
		84E8E8A4257EE12100212032 /* Sources */ = {
			isa = PBXSourcesBuildPhase;
			buildActionMask = 2147483647;
			files = (
				84E8E8B0257EE12100212032 /* DetailVC.swift in Sources */,
				84E8E8AC257EE12100212032 /* AppDelegate.swift in Sources */,
				84E8E8AE257EE12100212032 /* SceneDelegate.swift in Sources */,
				84F8373625819457006D3C15 /* Charts.swift in Sources */,
				84F8372F258179E5006D3C15 /* Extensions.swift in Sources */,
				8405686D257F121500424BB1 /* Crypto.swift in Sources */,
				84056877257F1BAD00424BB1 /* ServerManager.swift in Sources */,
				8472698525803E7B00ECCB21 /* CryptoTableViewCell.swift in Sources */,
				84F9CC93257F00FB006E995F /* CryptoListVC.swift in Sources */,
			);
			runOnlyForDeploymentPostprocessing = 0;
		};
/* End PBXSourcesBuildPhase section */

/* Begin PBXVariantGroup section */
		84E8E8B1257EE12100212032 /* Main.storyboard */ = {
			isa = PBXVariantGroup;
			children = (
				84E8E8B2257EE12100212032 /* Base */,
			);
			name = Main.storyboard;
			sourceTree = "<group>";
		};
		84E8E8B6257EE12200212032 /* LaunchScreen.storyboard */ = {
			isa = PBXVariantGroup;
			children = (
				84E8E8B7257EE12200212032 /* Base */,
			);
			name = LaunchScreen.storyboard;
			sourceTree = "<group>";
		};
/* End PBXVariantGroup section */

/* Begin XCBuildConfiguration section */
		84E8E8BA257EE12200212032 /* Debug */ = {
			isa = XCBuildConfiguration;
			buildSettings = {
				ALWAYS_SEARCH_USER_PATHS = NO;
				CLANG_ANALYZER_NONNULL = YES;
				CLANG_ANALYZER_NUMBER_OBJECT_CONVERSION = YES_AGGRESSIVE;
				CLANG_CXX_LANGUAGE_STANDARD = "gnu++14";
				CLANG_CXX_LIBRARY = "libc++";
				CLANG_ENABLE_MODULES = YES;
				CLANG_ENABLE_OBJC_ARC = YES;
				CLANG_ENABLE_OBJC_WEAK = YES;
				CLANG_WARN_BLOCK_CAPTURE_AUTORELEASING = YES;
				CLANG_WARN_BOOL_CONVERSION = YES;
				CLANG_WARN_COMMA = YES;
				CLANG_WARN_CONSTANT_CONVERSION = YES;
				CLANG_WARN_DEPRECATED_OBJC_IMPLEMENTATIONS = YES;
				CLANG_WARN_DIRECT_OBJC_ISA_USAGE = YES_ERROR;
				CLANG_WARN_DOCUMENTATION_COMMENTS = YES;
				CLANG_WARN_EMPTY_BODY = YES;
				CLANG_WARN_ENUM_CONVERSION = YES;
				CLANG_WARN_INFINITE_RECURSION = YES;
				CLANG_WARN_INT_CONVERSION = YES;
				CLANG_WARN_NON_LITERAL_NULL_CONVERSION = YES;
				CLANG_WARN_OBJC_IMPLICIT_RETAIN_SELF = YES;
				CLANG_WARN_OBJC_LITERAL_CONVERSION = YES;
				CLANG_WARN_OBJC_ROOT_CLASS = YES_ERROR;
				CLANG_WARN_QUOTED_INCLUDE_IN_FRAMEWORK_HEADER = YES;
				CLANG_WARN_RANGE_LOOP_ANALYSIS = YES;
				CLANG_WARN_STRICT_PROTOTYPES = YES;
				CLANG_WARN_SUSPICIOUS_MOVE = YES;
				CLANG_WARN_UNGUARDED_AVAILABILITY = YES_AGGRESSIVE;
				CLANG_WARN_UNREACHABLE_CODE = YES;
				CLANG_WARN__DUPLICATE_METHOD_MATCH = YES;
				COPY_PHASE_STRIP = NO;
				DEBUG_INFORMATION_FORMAT = dwarf;
				ENABLE_STRICT_OBJC_MSGSEND = YES;
				ENABLE_TESTABILITY = YES;
				GCC_C_LANGUAGE_STANDARD = gnu11;
				GCC_DYNAMIC_NO_PIC = NO;
				GCC_NO_COMMON_BLOCKS = YES;
				GCC_OPTIMIZATION_LEVEL = 0;
				GCC_PREPROCESSOR_DEFINITIONS = (
					"DEBUG=1",
					"$(inherited)",
				);
				GCC_WARN_64_TO_32_BIT_CONVERSION = YES;
				GCC_WARN_ABOUT_RETURN_TYPE = YES_ERROR;
				GCC_WARN_UNDECLARED_SELECTOR = YES;
				GCC_WARN_UNINITIALIZED_AUTOS = YES_AGGRESSIVE;
				GCC_WARN_UNUSED_FUNCTION = YES;
				GCC_WARN_UNUSED_VARIABLE = YES;
				IPHONEOS_DEPLOYMENT_TARGET = 14.2;
				MTL_ENABLE_DEBUG_INFO = INCLUDE_SOURCE;
				MTL_FAST_MATH = YES;
				ONLY_ACTIVE_ARCH = YES;
				SDKROOT = iphoneos;
				SWIFT_ACTIVE_COMPILATION_CONDITIONS = DEBUG;
				SWIFT_OPTIMIZATION_LEVEL = "-Onone";
			};
			name = Debug;
		};
		84E8E8BB257EE12200212032 /* Release */ = {
			isa = XCBuildConfiguration;
			buildSettings = {
				ALWAYS_SEARCH_USER_PATHS = NO;
				CLANG_ANALYZER_NONNULL = YES;
				CLANG_ANALYZER_NUMBER_OBJECT_CONVERSION = YES_AGGRESSIVE;
				CLANG_CXX_LANGUAGE_STANDARD = "gnu++14";
				CLANG_CXX_LIBRARY = "libc++";
				CLANG_ENABLE_MODULES = YES;
				CLANG_ENABLE_OBJC_ARC = YES;
				CLANG_ENABLE_OBJC_WEAK = YES;
				CLANG_WARN_BLOCK_CAPTURE_AUTORELEASING = YES;
				CLANG_WARN_BOOL_CONVERSION = YES;
				CLANG_WARN_COMMA = YES;
				CLANG_WARN_CONSTANT_CONVERSION = YES;
				CLANG_WARN_DEPRECATED_OBJC_IMPLEMENTATIONS = YES;
				CLANG_WARN_DIRECT_OBJC_ISA_USAGE = YES_ERROR;
				CLANG_WARN_DOCUMENTATION_COMMENTS = YES;
				CLANG_WARN_EMPTY_BODY = YES;
				CLANG_WARN_ENUM_CONVERSION = YES;
				CLANG_WARN_INFINITE_RECURSION = YES;
				CLANG_WARN_INT_CONVERSION = YES;
				CLANG_WARN_NON_LITERAL_NULL_CONVERSION = YES;
				CLANG_WARN_OBJC_IMPLICIT_RETAIN_SELF = YES;
				CLANG_WARN_OBJC_LITERAL_CONVERSION = YES;
				CLANG_WARN_OBJC_ROOT_CLASS = YES_ERROR;
				CLANG_WARN_QUOTED_INCLUDE_IN_FRAMEWORK_HEADER = YES;
				CLANG_WARN_RANGE_LOOP_ANALYSIS = YES;
				CLANG_WARN_STRICT_PROTOTYPES = YES;
				CLANG_WARN_SUSPICIOUS_MOVE = YES;
				CLANG_WARN_UNGUARDED_AVAILABILITY = YES_AGGRESSIVE;
				CLANG_WARN_UNREACHABLE_CODE = YES;
				CLANG_WARN__DUPLICATE_METHOD_MATCH = YES;
				COPY_PHASE_STRIP = NO;
				DEBUG_INFORMATION_FORMAT = "dwarf-with-dsym";
				ENABLE_NS_ASSERTIONS = NO;
				ENABLE_STRICT_OBJC_MSGSEND = YES;
				GCC_C_LANGUAGE_STANDARD = gnu11;
				GCC_NO_COMMON_BLOCKS = YES;
				GCC_WARN_64_TO_32_BIT_CONVERSION = YES;
				GCC_WARN_ABOUT_RETURN_TYPE = YES_ERROR;
				GCC_WARN_UNDECLARED_SELECTOR = YES;
				GCC_WARN_UNINITIALIZED_AUTOS = YES_AGGRESSIVE;
				GCC_WARN_UNUSED_FUNCTION = YES;
				GCC_WARN_UNUSED_VARIABLE = YES;
				IPHONEOS_DEPLOYMENT_TARGET = 14.2;
				MTL_ENABLE_DEBUG_INFO = NO;
				MTL_FAST_MATH = YES;
				SDKROOT = iphoneos;
				SWIFT_COMPILATION_MODE = wholemodule;
				SWIFT_OPTIMIZATION_LEVEL = "-O";
				VALIDATE_PRODUCT = YES;
			};
			name = Release;
		};
		84E8E8BD257EE12200212032 /* Debug */ = {
			isa = XCBuildConfiguration;
			baseConfigurationReference = 07AD200AEDB843E58B25D7D6 /* Pods-CryptoApp.debug.xcconfig */;
			buildSettings = {
				ASSETCATALOG_COMPILER_APPICON_NAME = AppIcon;
				ASSETCATALOG_COMPILER_GLOBAL_ACCENT_COLOR_NAME = AccentColor;
				CODE_SIGN_STYLE = Automatic;
				INFOPLIST_FILE = CryptoApp/Info.plist;
				LD_RUNPATH_SEARCH_PATHS = (
					"$(inherited)",
					"@executable_path/Frameworks",
				);
				PRODUCT_BUNDLE_IDENTIFIER = PR.CryptoApp;
				PRODUCT_NAME = "$(TARGET_NAME)";
				SWIFT_VERSION = 5.0;
				TARGETED_DEVICE_FAMILY = "1,2";
			};
			name = Debug;
		};
		84E8E8BE257EE12200212032 /* Release */ = {
			isa = XCBuildConfiguration;
			baseConfigurationReference = 42B33F244E6BC0E61CDD6D0B /* Pods-CryptoApp.release.xcconfig */;
			buildSettings = {
				ASSETCATALOG_COMPILER_APPICON_NAME = AppIcon;
				ASSETCATALOG_COMPILER_GLOBAL_ACCENT_COLOR_NAME = AccentColor;
				CODE_SIGN_STYLE = Automatic;
				INFOPLIST_FILE = CryptoApp/Info.plist;
				LD_RUNPATH_SEARCH_PATHS = (
					"$(inherited)",
					"@executable_path/Frameworks",
				);
				PRODUCT_BUNDLE_IDENTIFIER = PR.CryptoApp;
				PRODUCT_NAME = "$(TARGET_NAME)";
				SWIFT_VERSION = 5.0;
				TARGETED_DEVICE_FAMILY = "1,2";
			};
			name = Release;
		};
/* End XCBuildConfiguration section */

/* Begin XCConfigurationList section */
		84E8E8A3257EE12100212032 /* Build configuration list for PBXProject "CryptoApp" */ = {
			isa = XCConfigurationList;
			buildConfigurations = (
				84E8E8BA257EE12200212032 /* Debug */,
				84E8E8BB257EE12200212032 /* Release */,
			);
			defaultConfigurationIsVisible = 0;
			defaultConfigurationName = Release;
		};
		84E8E8BC257EE12200212032 /* Build configuration list for PBXNativeTarget "CryptoApp" */ = {
			isa = XCConfigurationList;
			buildConfigurations = (
				84E8E8BD257EE12200212032 /* Debug */,
				84E8E8BE257EE12200212032 /* Release */,
			);
			defaultConfigurationIsVisible = 0;
			defaultConfigurationName = Release;
		};
/* End XCConfigurationList section */
	};
	rootObject = 84E8E8A0257EE12100212032 /* Project object */;
}
